
Microsoft Visual Studio Solution File, Format Version 12.00
# Visual Studio 2012
Project("{FAE04EC0-301F-11D3-BF4B-00C04F79EFBC}") = "Exceptions", "Exceptions\Exceptions.csproj", "{600E1322-51A1-4F1D-838D-94DE8696DB55}"
EndProject
Project("{FAE04EC0-301F-11D3-BF4B-00C04F79EFBC}") = "Archivos", "Archivos\Archivos.csproj", "{3D1B7B59-C193-4C94-9A63-01C8E0B01047}"
EndProject
Project("{FAE04EC0-301F-11D3-BF4B-00C04F79EFBC}") = "Serializacion", "Serializacion\Serializacion.csproj", "{8B61AE88-AE36-4697-817D-8B9A5C1004E6}"
EndProject
Global
	GlobalSection(SolutionConfigurationPlatforms) = preSolution
		Debug|Any CPU = Debug|Any CPU
		Release|Any CPU = Release|Any CPU
	EndGlobalSection
	GlobalSection(ProjectConfigurationPlatforms) = postSolution
		{600E1322-51A1-4F1D-838D-94DE8696DB55}.Debug|Any CPU.ActiveCfg = Debug|Any CPU
		{600E1322-51A1-4F1D-838D-94DE8696DB55}.Debug|Any CPU.Build.0 = Debug|Any CPU
		{600E1322-51A1-4F1D-838D-94DE8696DB55}.Release|Any CPU.ActiveCfg = Release|Any CPU
		{600E1322-51A1-4F1D-838D-94DE8696DB55}.Release|Any CPU.Build.0 = Release|Any CPU
		{3D1B7B59-C193-4C94-9A63-01C8E0B01047}.Debug|Any CPU.ActiveCfg = Debug|Any CPU
		{3D1B7B59-C193-4C94-9A63-01C8E0B01047}.Debug|Any CPU.Build.0 = Debug|Any CPU
		{3D1B7B59-C193-4C94-9A63-01C8E0B01047}.Release|Any CPU.ActiveCfg = Release|Any CPU
		{3D1B7B59-C193-4C94-9A63-01C8E0B01047}.Release|Any CPU.Build.0 = Release|Any CPU
		{8B61AE88-AE36-4697-817D-8B9A5C1004E6}.Debug|Any CPU.ActiveCfg = Debug|Any CPU
		{8B61AE88-AE36-4697-817D-8B9A5C1004E6}.Debug|Any CPU.Build.0 = Debug|Any CPU
		{8B61AE88-AE36-4697-817D-8B9A5C1004E6}.Release|Any CPU.ActiveCfg = Release|Any CPU
		{8B61AE88-AE36-4697-817D-8B9A5C1004E6}.Release|Any CPU.Build.0 = Release|Any CPU
	EndGlobalSection
	GlobalSection(SolutionProperties) = preSolution
		HideSolutionNode = FALSE
	EndGlobalSection
EndGlobal
